
Microsoft Visual Studio Solution File, Format Version 12.00
# Visual Studio Version 16
VisualStudioVersion = 16.0.28729.10
MinimumVisualStudioVersion = 10.0.40219.1
Project("{9A19103F-16F7-4668-BE54-9A1E7A4F7556}") = "S4GFXFramework", "S4GFXFramework\S4GFXFramework.csproj", "{B026CF90-02D2-4229-9F34-B24F3C8EA3C2}"
EndProject
Project("{FAE04EC0-301F-11D3-BF4B-00C04F79EFBC}") = "S4GFX", "S4GFX\S4GFX.csproj", "{E84B12EB-4801-4AB2-BA01-DF6235B60B0F}"
EndProject
Global
	GlobalSection(SolutionConfigurationPlatforms) = preSolution
		Debug|Any CPU = Debug|Any CPU
		Release|Any CPU = Release|Any CPU
	EndGlobalSection
	GlobalSection(ProjectConfigurationPlatforms) = postSolution
		{B026CF90-02D2-4229-9F34-B24F3C8EA3C2}.Debug|Any CPU.ActiveCfg = Debug|Any CPU
		{B026CF90-02D2-4229-9F34-B24F3C8EA3C2}.Debug|Any CPU.Build.0 = Debug|Any CPU
		{B026CF90-02D2-4229-9F34-B24F3C8EA3C2}.Release|Any CPU.ActiveCfg = Release|Any CPU
		{B026CF90-02D2-4229-9F34-B24F3C8EA3C2}.Release|Any CPU.Build.0 = Release|Any CPU
		{E84B12EB-4801-4AB2-BA01-DF6235B60B0F}.Debug|Any CPU.ActiveCfg = Debug|Any CPU
		{E84B12EB-4801-4AB2-BA01-DF6235B60B0F}.Debug|Any CPU.Build.0 = Debug|Any CPU
		{E84B12EB-4801-4AB2-BA01-DF6235B60B0F}.Release|Any CPU.ActiveCfg = Release|Any CPU
		{E84B12EB-4801-4AB2-BA01-DF6235B60B0F}.Release|Any CPU.Build.0 = Release|Any CPU
	EndGlobalSection
	GlobalSection(SolutionProperties) = preSolution
		HideSolutionNode = FALSE
	EndGlobalSection
	GlobalSection(ExtensibilityGlobals) = postSolution
		SolutionGuid = {4045DEAB-5E4A-466D-8502-268266B5C274}
	EndGlobalSection
EndGlobal
